
Microsoft Visual Studio Solution File, Format Version 12.00
# Visual Studio Version 16
VisualStudioVersion = 16.0.29009.5
MinimumVisualStudioVersion = 10.0.40219.1
Project("{2150E333-8FDC-42A3-9474-1A3956D46DE8}") = "src", "src", "{878E0AD0-BAE0-4631-A748-6080E9C65494}"
EndProject
Project("{2150E333-8FDC-42A3-9474-1A3956D46DE8}") = "tests", "tests", "{90BB4197-4CE3-4C77-8333-D80B282957E5}"
EndProject
Project("{FAE04EC0-301F-11D3-BF4B-00C04F79EFBC}") = "Http.Header.Organizer", "src\Http.Header.Organizer\Http.Header.Organizer.csproj", "{2B56514E-A723-4EDA-8138-C14621205304}"
EndProject
Project("{FAE04EC0-301F-11D3-BF4B-00C04F79EFBC}") = "Http.Header.Organizer.Tests", "tests\Http.Header.Organizer.Tests\Http.Header.Organizer.Tests.csproj", "{A70E30E5-F765-4A60-BB9F-BBA49D7DDE59}"
EndProject
Global
	GlobalSection(SolutionConfigurationPlatforms) = preSolution
		Debug|Any CPU = Debug|Any CPU
		Release|Any CPU = Release|Any CPU
	EndGlobalSection
	GlobalSection(ProjectConfigurationPlatforms) = postSolution
		{2B56514E-A723-4EDA-8138-C14621205304}.Debug|Any CPU.ActiveCfg = Debug|Any CPU
		{2B56514E-A723-4EDA-8138-C14621205304}.Debug|Any CPU.Build.0 = Debug|Any CPU
		{2B56514E-A723-4EDA-8138-C14621205304}.Release|Any CPU.ActiveCfg = Release|Any CPU
		{2B56514E-A723-4EDA-8138-C14621205304}.Release|Any CPU.Build.0 = Release|Any CPU
		{A70E30E5-F765-4A60-BB9F-BBA49D7DDE59}.Debug|Any CPU.ActiveCfg = Debug|Any CPU
		{A70E30E5-F765-4A60-BB9F-BBA49D7DDE59}.Debug|Any CPU.Build.0 = Debug|Any CPU
		{A70E30E5-F765-4A60-BB9F-BBA49D7DDE59}.Release|Any CPU.ActiveCfg = Release|Any CPU
		{A70E30E5-F765-4A60-BB9F-BBA49D7DDE59}.Release|Any CPU.Build.0 = Release|Any CPU
	EndGlobalSection
	GlobalSection(SolutionProperties) = preSolution
		HideSolutionNode = FALSE
	EndGlobalSection
	GlobalSection(NestedProjects) = preSolution
		{2B56514E-A723-4EDA-8138-C14621205304} = {878E0AD0-BAE0-4631-A748-6080E9C65494}
		{A70E30E5-F765-4A60-BB9F-BBA49D7DDE59} = {90BB4197-4CE3-4C77-8333-D80B282957E5}
	EndGlobalSection
	GlobalSection(ExtensibilityGlobals) = postSolution
		SolutionGuid = {EFCB5F94-7601-49D3-8933-86BC5E489D8A}
	EndGlobalSection
EndGlobal
